// !$*UTF8*$!
{
	archiveVersion = 1;
	classes = {
	};
	objectVersion = 50;
	objects = {

/* Begin PBXBuildFile section */
		5315B977263017BA002234AE /* ZPScrollerScaleView.m in Sources */ = {isa = PBXBuildFile; fileRef = 5315B976263017BA002234AE /* ZPScrollerScaleView.m */; };
		5315B97A26301F77002234AE /* KnowledgeView.swift in Sources */ = {isa = PBXBuildFile; fileRef = 5315B97926301F77002234AE /* KnowledgeView.swift */; };
		5318EC17262D7BAE00B22AC1 /* XZGameCenterService.swift in Sources */ = {isa = PBXBuildFile; fileRef = 5318EC16262D7BAE00B22AC1 /* XZGameCenterService.swift */; };
		53441AA326281F2200A5EEB6 /* AppDelegate.swift in Sources */ = {isa = PBXBuildFile; fileRef = 53441AA226281F2200A5EEB6 /* AppDelegate.swift */; };
		53441AA526281F2200A5EEB6 /* SceneDelegate.swift in Sources */ = {isa = PBXBuildFile; fileRef = 53441AA426281F2200A5EEB6 /* SceneDelegate.swift */; };
		53441AA726281F2200A5EEB6 /* ViewController.swift in Sources */ = {isa = PBXBuildFile; fileRef = 53441AA626281F2200A5EEB6 /* ViewController.swift */; };
		53441AAA26281F2200A5EEB6 /* Main.storyboard in Resources */ = {isa = PBXBuildFile; fileRef = 53441AA826281F2200A5EEB6 /* Main.storyboard */; };
		53441AAC26281F2500A5EEB6 /* Assets.xcassets in Resources */ = {isa = PBXBuildFile; fileRef = 53441AAB26281F2500A5EEB6 /* Assets.xcassets */; };
		53441AAF26281F2500A5EEB6 /* LaunchScreen.storyboard in Resources */ = {isa = PBXBuildFile; fileRef = 53441AAD26281F2500A5EEB6 /* LaunchScreen.storyboard */; };
		53441AE92628203A00A5EEB6 /* HomeCardView.swift in Sources */ = {isa = PBXBuildFile; fileRef = 53441ABF2628203A00A5EEB6 /* HomeCardView.swift */; };
		53441AEA2628203A00A5EEB6 /* WithoutAuthorizationView.swift in Sources */ = {isa = PBXBuildFile; fileRef = 53441AC02628203A00A5EEB6 /* WithoutAuthorizationView.swift */; };
		53441AEE2628203A00A5EEB6 /* LeftTitleTableViewCell.swift in Sources */ = {isa = PBXBuildFile; fileRef = 53441AC52628203A00A5EEB6 /* LeftTitleTableViewCell.swift */; };
		53441AEF2628203A00A5EEB6 /* RankListTableViewCell.swift in Sources */ = {isa = PBXBuildFile; fileRef = 53441AC62628203A00A5EEB6 /* RankListTableViewCell.swift */; };
		53441AF02628203A00A5EEB6 /* HelpViewController.swift in Sources */ = {isa = PBXBuildFile; fileRef = 53441AC82628203A00A5EEB6 /* HelpViewController.swift */; };
		53441AF52628203A00A5EEB6 /* HomeViewController.swift in Sources */ = {isa = PBXBuildFile; fileRef = 53441ACD2628203A00A5EEB6 /* HomeViewController.swift */; };
		53441AF72628203A00A5EEB6 /* XZNavigationController.swift in Sources */ = {isa = PBXBuildFile; fileRef = 53441ACF2628203A00A5EEB6 /* XZNavigationController.swift */; };
		53441AF82628203A00A5EEB6 /* UserViewController.swift in Sources */ = {isa = PBXBuildFile; fileRef = 53441AD02628203A00A5EEB6 /* UserViewController.swift */; };
		53441AFB2628203A00A5EEB6 /* BPYWebViewController.swift in Sources */ = {isa = PBXBuildFile; fileRef = 53441AD32628203A00A5EEB6 /* BPYWebViewController.swift */; };
		53441B042628203A00A5EEB6 /* UIColor+Create.swift in Sources */ = {isa = PBXBuildFile; fileRef = 53441AE02628203A00A5EEB6 /* UIColor+Create.swift */; };
		53441B062628203A00A5EEB6 /* UIViewController+Extension.swift in Sources */ = {isa = PBXBuildFile; fileRef = 53441AE22628203A00A5EEB6 /* UIViewController+Extension.swift */; };
		53441B072628203A00A5EEB6 /* GameUserInfoConfig.swift in Sources */ = {isa = PBXBuildFile; fileRef = 53441AE32628203A00A5EEB6 /* GameUserInfoConfig.swift */; };
		53441B082628203A00A5EEB6 /* Client.swift in Sources */ = {isa = PBXBuildFile; fileRef = 53441AE52628203A00A5EEB6 /* Client.swift */; };
		53441B092628203A00A5EEB6 /* UITableView+Extension.swift in Sources */ = {isa = PBXBuildFile; fileRef = 53441AE72628203A00A5EEB6 /* UITableView+Extension.swift */; };
		53441B2C2628233700A5EEB6 /* UIColor+HZXColor.m in Sources */ = {isa = PBXBuildFile; fileRef = 53441B2B2628233700A5EEB6 /* UIColor+HZXColor.m */; };
		53441B34262824E200A5EEB6 /* ChineseZodiacSound.mp3 in Resources */ = {isa = PBXBuildFile; fileRef = 53441B31262824E200A5EEB6 /* ChineseZodiacSound.mp3 */; };
		53441B35262824E200A5EEB6 /* PopSound.mp3 in Resources */ = {isa = PBXBuildFile; fileRef = 53441B32262824E200A5EEB6 /* PopSound.mp3 */; };
		53441B36262824E200A5EEB6 /* BombSound.mp3 in Resources */ = {isa = PBXBuildFile; fileRef = 53441B33262824E200A5EEB6 /* BombSound.mp3 */; };
		53441B412628256A00A5EEB6 /* XZGameScene.m in Sources */ = {isa = PBXBuildFile; fileRef = 53441B3E2628256A00A5EEB6 /* XZGameScene.m */; };
		53441B4C262825B500A5EEB6 /* XZChineseZodiacPoolService.m in Sources */ = {isa = PBXBuildFile; fileRef = 53441B48262825B500A5EEB6 /* XZChineseZodiacPoolService.m */; };
		53441B55262825CF00A5EEB6 /* ChineseZodiacNode.m in Sources */ = {isa = PBXBuildFile; fileRef = 53441B4F262825CF00A5EEB6 /* ChineseZodiacNode.m */; };
		53441B57262825CF00A5EEB6 /* BombChineseZodiacNode.m in Sources */ = {isa = PBXBuildFile; fileRef = 53441B52262825CF00A5EEB6 /* BombChineseZodiacNode.m */; };
		53441B5D2628298C00A5EEB6 /* PlayBubbleViewController.swift in Sources */ = {isa = PBXBuildFile; fileRef = 53441B5C2628298C00A5EEB6 /* PlayBubbleViewController.swift */; };
		536E7FD9262D174600E51747 /* XZGameDecorateConfig.swift in Sources */ = {isa = PBXBuildFile; fileRef = 536E7FD8262D174600E51747 /* XZGameDecorateConfig.swift */; };
		53921F35265F324C0084F694 /* StoreKit.framework in Frameworks */ = {isa = PBXBuildFile; fileRef = 53921F34265F324C0084F694 /* StoreKit.framework */; };
		53B914DA265C8D5600F6EDB6 /* HelpsViewController.swift in Sources */ = {isa = PBXBuildFile; fileRef = 53B914D9265C8D5600F6EDB6 /* HelpsViewController.swift */; };
		53B914DC265C8D6900F6EDB6 /* WithoutAuthorizationsView.swift in Sources */ = {isa = PBXBuildFile; fileRef = 53B914DB265C8D6900F6EDB6 /* WithoutAuthorizationsView.swift */; };
		53B914DE265C8DA500F6EDB6 /* Settings.swift in Sources */ = {isa = PBXBuildFile; fileRef = 53B914DD265C8DA500F6EDB6 /* Settings.swift */; };
		53B914E1265C93CC00F6EDB6 /* QiuQiuSwift.m in Sources */ = {isa = PBXBuildFile; fileRef = 53B914E0265C93CC00F6EDB6 /* QiuQiuSwift.m */; };
		53B914E4265CA13C00F6EDB6 /* MBProgressHUD+ITTAdditions.m in Sources */ = {isa = PBXBuildFile; fileRef = 53B914E3265CA13C00F6EDB6 /* MBProgressHUD+ITTAdditions.m */; };
		53D19BD22629358500D4427F /* ChineseZodiacViewController.swift in Sources */ = {isa = PBXBuildFile; fileRef = 53D19BD12629358500D4427F /* ChineseZodiacViewController.swift */; };
		53D19BD626293D1500D4427F /* KnowledgeWindowViewController.swift in Sources */ = {isa = PBXBuildFile; fileRef = 53D19BD526293D1500D4427F /* KnowledgeWindowViewController.swift */; };
		53D19BDF2629592300D4427F /* ChineseZodiacCollectionViewCell.swift in Sources */ = {isa = PBXBuildFile; fileRef = 53D19BDE2629592300D4427F /* ChineseZodiacCollectionViewCell.swift */; };
		53D90190264B5EA800FAD738 /* XZAlertView.swift in Sources */ = {isa = PBXBuildFile; fileRef = 53D9018F264B5EA800FAD738 /* XZAlertView.swift */; };
		96970DEC1C0B7CF8F4B7CB0B /* libPods-QiuQiu.a in Frameworks */ = {isa = PBXBuildFile; fileRef = 5FBEF08D4072FC3797D46AC3 /* libPods-QiuQiu.a */; };
/* End PBXBuildFile section */

/* Begin PBXFileReference section */
		5315B975263017BA002234AE /* ZPScrollerScaleView.h */ = {isa = PBXFileReference; fileEncoding = 4; lastKnownFileType = sourcecode.c.h; path = ZPScrollerScaleView.h; sourceTree = "<group>"; };
		5315B976263017BA002234AE /* ZPScrollerScaleView.m */ = {isa = PBXFileReference; fileEncoding = 4; lastKnownFileType = sourcecode.c.objc; path = ZPScrollerScaleView.m; sourceTree = "<group>"; };
		5315B97926301F77002234AE /* KnowledgeView.swift */ = {isa = PBXFileReference; lastKnownFileType = sourcecode.swift; path = KnowledgeView.swift; sourceTree = "<group>"; };
		5318EC16262D7BAE00B22AC1 /* XZGameCenterService.swift */ = {isa = PBXFileReference; lastKnownFileType = sourcecode.swift; path = XZGameCenterService.swift; sourceTree = "<group>"; };
		53441A9F26281F2200A5EEB6 /* QiuQiu.app */ = {isa = PBXFileReference; explicitFileType = wrapper.application; includeInIndex = 0; path = QiuQiu.app; sourceTree = BUILT_PRODUCTS_DIR; };
		53441AA226281F2200A5EEB6 /* AppDelegate.swift */ = {isa = PBXFileReference; lastKnownFileType = sourcecode.swift; path = AppDelegate.swift; sourceTree = "<group>"; };
		53441AA426281F2200A5EEB6 /* SceneDelegate.swift */ = {isa = PBXFileReference; lastKnownFileType = sourcecode.swift; path = SceneDelegate.swift; sourceTree = "<group>"; };
		53441AA626281F2200A5EEB6 /* ViewController.swift */ = {isa = PBXFileReference; lastKnownFileType = sourcecode.swift; path = ViewController.swift; sourceTree = "<group>"; };
		53441AA926281F2200A5EEB6 /* Base */ = {isa = PBXFileReference; lastKnownFileType = file.storyboard; name = Base; path = Base.lproj/Main.storyboard; sourceTree = "<group>"; };
		53441AAB26281F2500A5EEB6 /* Assets.xcassets */ = {isa = PBXFileReference; lastKnownFileType = folder.assetcatalog; path = Assets.xcassets; sourceTree = "<group>"; };
		53441AAE26281F2500A5EEB6 /* Base */ = {isa = PBXFileReference; lastKnownFileType = file.storyboard; name = Base; path = Base.lproj/LaunchScreen.storyboard; sourceTree = "<group>"; };
		53441AB026281F2500A5EEB6 /* Info.plist */ = {isa = PBXFileReference; lastKnownFileType = text.plist.xml; path = Info.plist; sourceTree = "<group>"; };
		53441ABF2628203A00A5EEB6 /* HomeCardView.swift */ = {isa = PBXFileReference; fileEncoding = 4; lastKnownFileType = sourcecode.swift; path = HomeCardView.swift; sourceTree = "<group>"; };
		53441AC02628203A00A5EEB6 /* WithoutAuthorizationView.swift */ = {isa = PBXFileReference; fileEncoding = 4; lastKnownFileType = sourcecode.swift; path = WithoutAuthorizationView.swift; sourceTree = "<group>"; };
		53441AC52628203A00A5EEB6 /* LeftTitleTableViewCell.swift */ = {isa = PBXFileReference; fileEncoding = 4; lastKnownFileType = sourcecode.swift; path = LeftTitleTableViewCell.swift; sourceTree = "<group>"; };
		53441AC62628203A00A5EEB6 /* RankListTableViewCell.swift */ = {isa = PBXFileReference; fileEncoding = 4; lastKnownFileType = sourcecode.swift; path = RankListTableViewCell.swift; sourceTree = "<group>"; };
		53441AC82628203A00A5EEB6 /* HelpViewController.swift */ = {isa = PBXFileReference; fileEncoding = 4; lastKnownFileType = sourcecode.swift; path = HelpViewController.swift; sourceTree = "<group>"; };
		53441ACD2628203A00A5EEB6 /* HomeViewController.swift */ = {isa = PBXFileReference; fileEncoding = 4; lastKnownFileType = sourcecode.swift; path = HomeViewController.swift; sourceTree = "<group>"; };
		53441ACF2628203A00A5EEB6 /* XZNavigationController.swift */ = {isa = PBXFileReference; fileEncoding = 4; lastKnownFileType = sourcecode.swift; path = XZNavigationController.swift; sourceTree = "<group>"; };
		53441AD02628203A00A5EEB6 /* UserViewController.swift */ = {isa = PBXFileReference; fileEncoding = 4; lastKnownFileType = sourcecode.swift; path = UserViewController.swift; sourceTree = "<group>"; };
		53441AD32628203A00A5EEB6 /* BPYWebViewController.swift */ = {isa = PBXFileReference; fileEncoding = 4; lastKnownFileType = sourcecode.swift; path = BPYWebViewController.swift; sourceTree = "<group>"; };
		53441AE02628203A00A5EEB6 /* UIColor+Create.swift */ = {isa = PBXFileReference; fileEncoding = 4; lastKnownFileType = sourcecode.swift; path = "UIColor+Create.swift"; sourceTree = "<group>"; };
		53441AE22628203A00A5EEB6 /* UIViewController+Extension.swift */ = {isa = PBXFileReference; fileEncoding = 4; lastKnownFileType = sourcecode.swift; path = "UIViewController+Extension.swift"; sourceTree = "<group>"; };
		53441AE32628203A00A5EEB6 /* GameUserInfoConfig.swift */ = {isa = PBXFileReference; fileEncoding = 4; lastKnownFileType = sourcecode.swift; path = GameUserInfoConfig.swift; sourceTree = "<group>"; };
		53441AE52628203A00A5EEB6 /* Client.swift */ = {isa = PBXFileReference; fileEncoding = 4; lastKnownFileType = sourcecode.swift; path = Client.swift; sourceTree = "<group>"; };
		53441AE72628203A00A5EEB6 /* UITableView+Extension.swift */ = {isa = PBXFileReference; fileEncoding = 4; lastKnownFileType = sourcecode.swift; path = "UITableView+Extension.swift"; sourceTree = "<group>"; };
		53441B2A2628233700A5EEB6 /* UIColor+HZXColor.h */ = {isa = PBXFileReference; fileEncoding = 4; lastKnownFileType = sourcecode.c.h; path = "UIColor+HZXColor.h"; sourceTree = "<group>"; };
		53441B2B2628233700A5EEB6 /* UIColor+HZXColor.m */ = {isa = PBXFileReference; fileEncoding = 4; lastKnownFileType = sourcecode.c.objc; path = "UIColor+HZXColor.m"; sourceTree = "<group>"; };
		53441B31262824E200A5EEB6 /* ChineseZodiacSound.mp3 */ = {isa = PBXFileReference; lastKnownFileType = audio.mp3; path = ChineseZodiacSound.mp3; sourceTree = "<group>"; };
		53441B32262824E200A5EEB6 /* PopSound.mp3 */ = {isa = PBXFileReference; lastKnownFileType = audio.mp3; path = PopSound.mp3; sourceTree = "<group>"; };
		53441B33262824E200A5EEB6 /* BombSound.mp3 */ = {isa = PBXFileReference; lastKnownFileType = audio.mp3; path = BombSound.mp3; sourceTree = "<group>"; };
		53441B3D2628256A00A5EEB6 /* XZGameScene.h */ = {isa = PBXFileReference; fileEncoding = 4; lastKnownFileType = sourcecode.c.h; path = XZGameScene.h; sourceTree = "<group>"; };
		53441B3E2628256A00A5EEB6 /* XZGameScene.m */ = {isa = PBXFileReference; fileEncoding = 4; lastKnownFileType = sourcecode.c.objc; path = XZGameScene.m; sourceTree = "<group>"; };
		53441B48262825B500A5EEB6 /* XZChineseZodiacPoolService.m */ = {isa = PBXFileReference; fileEncoding = 4; lastKnownFileType = sourcecode.c.objc; path = XZChineseZodiacPoolService.m; sourceTree = "<group>"; };
		53441B49262825B500A5EEB6 /* XZChineseZodiacPoolService.h */ = {isa = PBXFileReference; fileEncoding = 4; lastKnownFileType = sourcecode.c.h; path = XZChineseZodiacPoolService.h; sourceTree = "<group>"; };
		53441B4F262825CF00A5EEB6 /* ChineseZodiacNode.m */ = {isa = PBXFileReference; fileEncoding = 4; lastKnownFileType = sourcecode.c.objc; path = ChineseZodiacNode.m; sourceTree = "<group>"; };
		53441B52262825CF00A5EEB6 /* BombChineseZodiacNode.m */ = {isa = PBXFileReference; fileEncoding = 4; lastKnownFileType = sourcecode.c.objc; path = BombChineseZodiacNode.m; sourceTree = "<group>"; };
		53441B53262825CF00A5EEB6 /* BombChineseZodiacNode.h */ = {isa = PBXFileReference; fileEncoding = 4; lastKnownFileType = sourcecode.c.h; path = BombChineseZodiacNode.h; sourceTree = "<group>"; };
		53441B54262825CF00A5EEB6 /* ChineseZodiacNode.h */ = {isa = PBXFileReference; fileEncoding = 4; lastKnownFileType = sourcecode.c.h; path = ChineseZodiacNode.h; sourceTree = "<group>"; };
		53441B592628269100A5EEB6 /* QiuQiu-Bridging-Header.h */ = {isa = PBXFileReference; lastKnownFileType = sourcecode.c.h; path = "QiuQiu-Bridging-Header.h"; sourceTree = "<group>"; };
		53441B5C2628298C00A5EEB6 /* PlayBubbleViewController.swift */ = {isa = PBXFileReference; lastKnownFileType = sourcecode.swift; path = PlayBubbleViewController.swift; sourceTree = "<group>"; };
		536E7FD8262D174600E51747 /* XZGameDecorateConfig.swift */ = {isa = PBXFileReference; lastKnownFileType = sourcecode.swift; path = XZGameDecorateConfig.swift; sourceTree = "<group>"; };
		53921F34265F324C0084F694 /* StoreKit.framework */ = {isa = PBXFileReference; lastKnownFileType = wrapper.framework; name = StoreKit.framework; path = System/Library/Frameworks/StoreKit.framework; sourceTree = SDKROOT; };
		53B914D9265C8D5600F6EDB6 /* HelpsViewController.swift */ = {isa = PBXFileReference; fileEncoding = 4; lastKnownFileType = sourcecode.swift; path = HelpsViewController.swift; sourceTree = "<group>"; };
		53B914DB265C8D6900F6EDB6 /* WithoutAuthorizationsView.swift */ = {isa = PBXFileReference; fileEncoding = 4; lastKnownFileType = sourcecode.swift; path = WithoutAuthorizationsView.swift; sourceTree = "<group>"; };
		53B914DD265C8DA500F6EDB6 /* Settings.swift */ = {isa = PBXFileReference; fileEncoding = 4; lastKnownFileType = sourcecode.swift; path = Settings.swift; sourceTree = "<group>"; };
		53B914DF265C93CC00F6EDB6 /* QiuQiuSwift.h */ = {isa = PBXFileReference; lastKnownFileType = sourcecode.c.h; path = QiuQiuSwift.h; sourceTree = "<group>"; };
		53B914E0265C93CC00F6EDB6 /* QiuQiuSwift.m */ = {isa = PBXFileReference; lastKnownFileType = sourcecode.c.objc; path = QiuQiuSwift.m; sourceTree = "<group>"; };
		53B914E2265CA13C00F6EDB6 /* MBProgressHUD+ITTAdditions.h */ = {isa = PBXFileReference; fileEncoding = 4; lastKnownFileType = sourcecode.c.h; path = "MBProgressHUD+ITTAdditions.h"; sourceTree = "<group>"; };
		53B914E3265CA13C00F6EDB6 /* MBProgressHUD+ITTAdditions.m */ = {isa = PBXFileReference; fileEncoding = 4; lastKnownFileType = sourcecode.c.objc; path = "MBProgressHUD+ITTAdditions.m"; sourceTree = "<group>"; };
		53D19BD12629358500D4427F /* ChineseZodiacViewController.swift */ = {isa = PBXFileReference; lastKnownFileType = sourcecode.swift; path = ChineseZodiacViewController.swift; sourceTree = "<group>"; };
		53D19BD526293D1500D4427F /* KnowledgeWindowViewController.swift */ = {isa = PBXFileReference; lastKnownFileType = sourcecode.swift; path = KnowledgeWindowViewController.swift; sourceTree = "<group>"; };
		53D19BDE2629592300D4427F /* ChineseZodiacCollectionViewCell.swift */ = {isa = PBXFileReference; lastKnownFileType = sourcecode.swift; path = ChineseZodiacCollectionViewCell.swift; sourceTree = "<group>"; };
		53D9018F264B5EA800FAD738 /* XZAlertView.swift */ = {isa = PBXFileReference; fileEncoding = 4; lastKnownFileType = sourcecode.swift; path = XZAlertView.swift; sourceTree = "<group>"; };
		5FBEF08D4072FC3797D46AC3 /* libPods-QiuQiu.a */ = {isa = PBXFileReference; explicitFileType = archive.ar; includeInIndex = 0; path = "libPods-QiuQiu.a"; sourceTree = BUILT_PRODUCTS_DIR; };
		C6DD98B060E62A4EBE9FB4B9 /* Pods-QiuQiu.release.xcconfig */ = {isa = PBXFileReference; includeInIndex = 1; lastKnownFileType = text.xcconfig; name = "Pods-QiuQiu.release.xcconfig"; path = "Target Support Files/Pods-QiuQiu/Pods-QiuQiu.release.xcconfig"; sourceTree = "<group>"; };
		C9C419006A77CD6824B195AA /* Pods-QiuQiu.debug.xcconfig */ = {isa = PBXFileReference; includeInIndex = 1; lastKnownFileType = text.xcconfig; name = "Pods-QiuQiu.debug.xcconfig"; path = "Target Support Files/Pods-QiuQiu/Pods-QiuQiu.debug.xcconfig"; sourceTree = "<group>"; };
/* End PBXFileReference section */

/* Begin PBXFrameworksBuildPhase section */
		53441A9C26281F2200A5EEB6 /* Frameworks */ = {
			isa = PBXFrameworksBuildPhase;
			buildActionMask = 2147483647;
			files = (
				96970DEC1C0B7CF8F4B7CB0B /* libPods-QiuQiu.a in Frameworks */,
				53921F35265F324C0084F694 /* StoreKit.framework in Frameworks */,
			);
			runOnlyForDeploymentPostprocessing = 0;
		};
/* End PBXFrameworksBuildPhase section */

/* Begin PBXGroup section */
		0C624A73D3A87D066153E033 /* Pods */ = {
			isa = PBXGroup;
			children = (
				C9C419006A77CD6824B195AA /* Pods-QiuQiu.debug.xcconfig */,
				C6DD98B060E62A4EBE9FB4B9 /* Pods-QiuQiu.release.xcconfig */,
			);
			path = Pods;
			sourceTree = "<group>";
		};
		5315B974263017BA002234AE /* ZPScrollerScaleView */ = {
			isa = PBXGroup;
			children = (
				5315B975263017BA002234AE /* ZPScrollerScaleView.h */,
				5315B976263017BA002234AE /* ZPScrollerScaleView.m */,
			);
			path = ZPScrollerScaleView;
			sourceTree = "<group>";
		};
		53441A9626281F2200A5EEB6 = {
			isa = PBXGroup;
			children = (
				53441AA126281F2200A5EEB6 /* QiuQiu */,
				53441AA026281F2200A5EEB6 /* Products */,
				0C624A73D3A87D066153E033 /* Pods */,
				E765592CE0C526AD3F709102 /* Frameworks */,
			);
			sourceTree = "<group>";
		};
		53441AA026281F2200A5EEB6 /* Products */ = {
			isa = PBXGroup;
			children = (
				53441A9F26281F2200A5EEB6 /* QiuQiu.app */,
			);
			name = Products;
			sourceTree = "<group>";
		};
		53441AA126281F2200A5EEB6 /* QiuQiu */ = {
			isa = PBXGroup;
			children = (
				53441AD62628203A00A5EEB6 /* Resources */,
				53441ADA2628203A00A5EEB6 /* Util */,
				53441ABE2628203A00A5EEB6 /* View */,
				53441AC72628203A00A5EEB6 /* Controller */,
				53441AA226281F2200A5EEB6 /* AppDelegate.swift */,
				53441AA426281F2200A5EEB6 /* SceneDelegate.swift */,
				53441AA626281F2200A5EEB6 /* ViewController.swift */,
				53441B592628269100A5EEB6 /* QiuQiu-Bridging-Header.h */,
				53B914DF265C93CC00F6EDB6 /* QiuQiuSwift.h */,
				53B914E0265C93CC00F6EDB6 /* QiuQiuSwift.m */,
				53441AA826281F2200A5EEB6 /* Main.storyboard */,
				53441AAB26281F2500A5EEB6 /* Assets.xcassets */,
				53441AAD26281F2500A5EEB6 /* LaunchScreen.storyboard */,
				53441AB026281F2500A5EEB6 /* Info.plist */,
			);
			path = QiuQiu;
			sourceTree = "<group>";
		};
		53441ABE2628203A00A5EEB6 /* View */ = {
			isa = PBXGroup;
			children = (
				53441ABF2628203A00A5EEB6 /* HomeCardView.swift */,
				53441AC02628203A00A5EEB6 /* WithoutAuthorizationView.swift */,
				53B914DB265C8D6900F6EDB6 /* WithoutAuthorizationsView.swift */,
				53441AC52628203A00A5EEB6 /* LeftTitleTableViewCell.swift */,
				53441AC62628203A00A5EEB6 /* RankListTableViewCell.swift */,
				53D19BDE2629592300D4427F /* ChineseZodiacCollectionViewCell.swift */,
				5315B97926301F77002234AE /* KnowledgeView.swift */,
			);
			path = View;
			sourceTree = "<group>";
		};
		53441AC72628203A00A5EEB6 /* Controller */ = {
			isa = PBXGroup;
			children = (
				53441B4E262825C400A5EEB6 /* Node */,
				53441B382628255600A5EEB6 /* Scene */,
				53441ACD2628203A00A5EEB6 /* HomeViewController.swift */,
				53441B5C2628298C00A5EEB6 /* PlayBubbleViewController.swift */,
				53441AD02628203A00A5EEB6 /* UserViewController.swift */,
				53441AC82628203A00A5EEB6 /* HelpViewController.swift */,
				53D19BD12629358500D4427F /* ChineseZodiacViewController.swift */,
				53D19BD526293D1500D4427F /* KnowledgeWindowViewController.swift */,
				53441AD32628203A00A5EEB6 /* BPYWebViewController.swift */,
				53441ACF2628203A00A5EEB6 /* XZNavigationController.swift */,
			);
			path = Controller;
			sourceTree = "<group>";
		};
		53441AD62628203A00A5EEB6 /* Resources */ = {
			isa = PBXGroup;
			children = (
				53441B33262824E200A5EEB6 /* BombSound.mp3 */,
				53441B31262824E200A5EEB6 /* ChineseZodiacSound.mp3 */,
				53441B32262824E200A5EEB6 /* PopSound.mp3 */,
			);
			path = Resources;
			sourceTree = "<group>";
		};
		53441ADA2628203A00A5EEB6 /* Util */ = {
			isa = PBXGroup;
			children = (
				5315B974263017BA002234AE /* ZPScrollerScaleView */,
				53441ADD2628203A00A5EEB6 /* UIColor */,
				53441AE22628203A00A5EEB6 /* UIViewController+Extension.swift */,
				53441AE72628203A00A5EEB6 /* UITableView+Extension.swift */,
				53441AE32628203A00A5EEB6 /* GameUserInfoConfig.swift */,
				53B914D9265C8D5600F6EDB6 /* HelpsViewController.swift */,
				536E7FD8262D174600E51747 /* XZGameDecorateConfig.swift */,
				5318EC16262D7BAE00B22AC1 /* XZGameCenterService.swift */,
				53B914E2265CA13C00F6EDB6 /* MBProgressHUD+ITTAdditions.h */,
				53B914E3265CA13C00F6EDB6 /* MBProgressHUD+ITTAdditions.m */,
				53B914DD265C8DA500F6EDB6 /* Settings.swift */,
				53D9018F264B5EA800FAD738 /* XZAlertView.swift */,
				53441AE52628203A00A5EEB6 /* Client.swift */,
			);
			path = Util;
			sourceTree = "<group>";
		};
		53441ADD2628203A00A5EEB6 /* UIColor */ = {
			isa = PBXGroup;
			children = (
				53441B2A2628233700A5EEB6 /* UIColor+HZXColor.h */,
				53441B2B2628233700A5EEB6 /* UIColor+HZXColor.m */,
				53441AE02628203A00A5EEB6 /* UIColor+Create.swift */,
			);
			path = UIColor;
			sourceTree = "<group>";
		};
		53441B382628255600A5EEB6 /* Scene */ = {
			isa = PBXGroup;
			children = (
				53441B3D2628256A00A5EEB6 /* XZGameScene.h */,
				53441B3E2628256A00A5EEB6 /* XZGameScene.m */,
				53441B49262825B500A5EEB6 /* XZChineseZodiacPoolService.h */,
				53441B48262825B500A5EEB6 /* XZChineseZodiacPoolService.m */,
			);
			path = Scene;
			sourceTree = "<group>";
		};
		53441B4E262825C400A5EEB6 /* Node */ = {
			isa = PBXGroup;
			children = (
				53441B53262825CF00A5EEB6 /* BombChineseZodiacNode.h */,
				53441B52262825CF00A5EEB6 /* BombChineseZodiacNode.m */,
				53441B54262825CF00A5EEB6 /* ChineseZodiacNode.h */,
				53441B4F262825CF00A5EEB6 /* ChineseZodiacNode.m */,
			);
			path = Node;
			sourceTree = "<group>";
		};
		E765592CE0C526AD3F709102 /* Frameworks */ = {
			isa = PBXGroup;
			children = (
				53921F34265F324C0084F694 /* StoreKit.framework */,
				5FBEF08D4072FC3797D46AC3 /* libPods-QiuQiu.a */,
			);
			name = Frameworks;
			sourceTree = "<group>";
		};
/* End PBXGroup section */

/* Begin PBXNativeTarget section */
		53441A9E26281F2200A5EEB6 /* QiuQiu */ = {
			isa = PBXNativeTarget;
			buildConfigurationList = 53441AB326281F2500A5EEB6 /* Build configuration list for PBXNativeTarget "QiuQiu" */;
			buildPhases = (
				0CF20625428B899CA439EB76 /* [CP] Check Pods Manifest.lock */,
				53441A9B26281F2200A5EEB6 /* Sources */,
				53441A9C26281F2200A5EEB6 /* Frameworks */,
				53441A9D26281F2200A5EEB6 /* Resources */,
			);
			buildRules = (
			);
			dependencies = (
			);
			name = QiuQiu;
			productName = QiuQiu;
			productReference = 53441A9F26281F2200A5EEB6 /* QiuQiu.app */;
			productType = "com.apple.product-type.application";
		};
/* End PBXNativeTarget section */

/* Begin PBXProject section */
		53441A9726281F2200A5EEB6 /* Project object */ = {
			isa = PBXProject;
			attributes = {
				LastSwiftUpdateCheck = 1240;
				LastUpgradeCheck = 1240;
				TargetAttributes = {
					53441A9E26281F2200A5EEB6 = {
						CreatedOnToolsVersion = 12.4;
					};
				};
			};
			buildConfigurationList = 53441A9A26281F2200A5EEB6 /* Build configuration list for PBXProject "QiuQiu" */;
			compatibilityVersion = "Xcode 9.3";
			developmentRegion = en;
			hasScannedForEncodings = 0;
			knownRegions = (
				en,
				Base,
			);
			mainGroup = 53441A9626281F2200A5EEB6;
			productRefGroup = 53441AA026281F2200A5EEB6 /* Products */;
			projectDirPath = "";
			projectRoot = "";
			targets = (
				53441A9E26281F2200A5EEB6 /* QiuQiu */,
			);
		};
/* End PBXProject section */

/* Begin PBXResourcesBuildPhase section */
		53441A9D26281F2200A5EEB6 /* Resources */ = {
			isa = PBXResourcesBuildPhase;
			buildActionMask = 2147483647;
			files = (
				53441B35262824E200A5EEB6 /* PopSound.mp3 in Resources */,
				53441AAF26281F2500A5EEB6 /* LaunchScreen.storyboard in Resources */,
				53441AAC26281F2500A5EEB6 /* Assets.xcassets in Resources */,
				53441B34262824E200A5EEB6 /* ChineseZodiacSound.mp3 in Resources */,
				53441B36262824E200A5EEB6 /* BombSound.mp3 in Resources */,
				53441AAA26281F2200A5EEB6 /* Main.storyboard in Resources */,
			);
			runOnlyForDeploymentPostprocessing = 0;
		};
/* End PBXResourcesBuildPhase section */

/* Begin PBXShellScriptBuildPhase section */
		0CF20625428B899CA439EB76 /* [CP] Check Pods Manifest.lock */ = {
			isa = PBXShellScriptBuildPhase;
			buildActionMask = 2147483647;
			files = (
			);
			inputFileListPaths = (
			);
			inputPaths = (
				"${PODS_PODFILE_DIR_PATH}/Podfile.lock",
				"${PODS_ROOT}/Manifest.lock",
			);
			name = "[CP] Check Pods Manifest.lock";
			outputFileListPaths = (
			);
			outputPaths = (
				"$(DERIVED_FILE_DIR)/Pods-QiuQiu-checkManifestLockResult.txt",
			);
			runOnlyForDeploymentPostprocessing = 0;
			shellPath = /bin/sh;
			shellScript = "diff \"${PODS_PODFILE_DIR_PATH}/Podfile.lock\" \"${PODS_ROOT}/Manifest.lock\" > /dev/null\nif [ $? != 0 ] ; then\n    # print error to STDERR\n    echo \"error: The sandbox is not in sync with the Podfile.lock. Run 'pod install' or update your CocoaPods installation.\" >&2\n    exit 1\nfi\n# This output is used by Xcode 'outputs' to avoid re-running this script phase.\necho \"SUCCESS\" > \"${SCRIPT_OUTPUT_FILE_0}\"\n";
			showEnvVarsInLog = 0;
		};
/* End PBXShellScriptBuildPhase section */

/* Begin PBXSourcesBuildPhase section */
		53441A9B26281F2200A5EEB6 /* Sources */ = {
			isa = PBXSourcesBuildPhase;
			buildActionMask = 2147483647;
			files = (
				53441AF82628203A00A5EEB6 /* UserViewController.swift in Sources */,
				53441AEF2628203A00A5EEB6 /* RankListTableViewCell.swift in Sources */,
				53441B412628256A00A5EEB6 /* XZGameScene.m in Sources */,
				53441AF72628203A00A5EEB6 /* XZNavigationController.swift in Sources */,
				53441B55262825CF00A5EEB6 /* ChineseZodiacNode.m in Sources */,
				53441AE92628203A00A5EEB6 /* HomeCardView.swift in Sources */,
				53441AF52628203A00A5EEB6 /* HomeViewController.swift in Sources */,
				53441B5D2628298C00A5EEB6 /* PlayBubbleViewController.swift in Sources */,
				5315B97A26301F77002234AE /* KnowledgeView.swift in Sources */,
				53B914E1265C93CC00F6EDB6 /* QiuQiuSwift.m in Sources */,
				53441B2C2628233700A5EEB6 /* UIColor+HZXColor.m in Sources */,
				53441B062628203A00A5EEB6 /* UIViewController+Extension.swift in Sources */,
				53D19BD22629358500D4427F /* ChineseZodiacViewController.swift in Sources */,
				53441AA726281F2200A5EEB6 /* ViewController.swift in Sources */,
				53441B072628203A00A5EEB6 /* GameUserInfoConfig.swift in Sources */,
				53441AA326281F2200A5EEB6 /* AppDelegate.swift in Sources */,
				53B914DA265C8D5600F6EDB6 /* HelpsViewController.swift in Sources */,
				53441B57262825CF00A5EEB6 /* BombChineseZodiacNode.m in Sources */,
				53D90190264B5EA800FAD738 /* XZAlertView.swift in Sources */,
				53441B042628203A00A5EEB6 /* UIColor+Create.swift in Sources */,
				5315B977263017BA002234AE /* ZPScrollerScaleView.m in Sources */,
				53B914DE265C8DA500F6EDB6 /* Settings.swift in Sources */,
				53441B4C262825B500A5EEB6 /* XZChineseZodiacPoolService.m in Sources */,
				53441AF02628203A00A5EEB6 /* HelpViewController.swift in Sources */,
				5318EC17262D7BAE00B22AC1 /* XZGameCenterService.swift in Sources */,
				53441B092628203A00A5EEB6 /* UITableView+Extension.swift in Sources */,
				536E7FD9262D174600E51747 /* XZGameDecorateConfig.swift in Sources */,
				53B914E4265CA13C00F6EDB6 /* MBProgressHUD+ITTAdditions.m in Sources */,
				53441AEA2628203A00A5EEB6 /* WithoutAuthorizationView.swift in Sources */,
				53441B082628203A00A5EEB6 /* Client.swift in Sources */,
				53441AA526281F2200A5EEB6 /* SceneDelegate.swift in Sources */,
				53441AEE2628203A00A5EEB6 /* LeftTitleTableViewCell.swift in Sources */,
				53441AFB2628203A00A5EEB6 /* BPYWebViewController.swift in Sources */,
				53D19BD626293D1500D4427F /* KnowledgeWindowViewController.swift in Sources */,
				53B914DC265C8D6900F6EDB6 /* WithoutAuthorizationsView.swift in Sources */,
				53D19BDF2629592300D4427F /* ChineseZodiacCollectionViewCell.swift in Sources */,
			);
			runOnlyForDeploymentPostprocessing = 0;
		};
/* End PBXSourcesBuildPhase section */

/* Begin PBXVariantGroup section */
		53441AA826281F2200A5EEB6 /* Main.storyboard */ = {
			isa = PBXVariantGroup;
			children = (
				53441AA926281F2200A5EEB6 /* Base */,
			);
			name = Main.storyboard;
			sourceTree = "<group>";
		};
		53441AAD26281F2500A5EEB6 /* LaunchScreen.storyboard */ = {
			isa = PBXVariantGroup;
			children = (
				53441AAE26281F2500A5EEB6 /* Base */,
			);
			name = LaunchScreen.storyboard;
			sourceTree = "<group>";
		};
/* End PBXVariantGroup section */

/* Begin XCBuildConfiguration section */
		53441AB126281F2500A5EEB6 /* Debug */ = {
			isa = XCBuildConfiguration;
			buildSettings = {
				ALWAYS_SEARCH_USER_PATHS = NO;
				CLANG_ANALYZER_NONNULL = YES;
				CLANG_ANALYZER_NUMBER_OBJECT_CONVERSION = YES_AGGRESSIVE;
				CLANG_CXX_LANGUAGE_STANDARD = "gnu++14";
				CLANG_CXX_LIBRARY = "libc++";
				CLANG_ENABLE_MODULES = YES;
				CLANG_ENABLE_OBJC_ARC = YES;
				CLANG_ENABLE_OBJC_WEAK = YES;
				CLANG_WARN_BLOCK_CAPTURE_AUTORELEASING = YES;
				CLANG_WARN_BOOL_CONVERSION = YES;
				CLANG_WARN_COMMA = YES;
				CLANG_WARN_CONSTANT_CONVERSION = YES;
				CLANG_WARN_DEPRECATED_OBJC_IMPLEMENTATIONS = YES;
				CLANG_WARN_DIRECT_OBJC_ISA_USAGE = YES_ERROR;
				CLANG_WARN_DOCUMENTATION_COMMENTS = YES;
				CLANG_WARN_EMPTY_BODY = YES;
				CLANG_WARN_ENUM_CONVERSION = YES;
				CLANG_WARN_INFINITE_RECURSION = YES;
				CLANG_WARN_INT_CONVERSION = YES;
				CLANG_WARN_NON_LITERAL_NULL_CONVERSION = YES;
				CLANG_WARN_OBJC_IMPLICIT_RETAIN_SELF = YES;
				CLANG_WARN_OBJC_LITERAL_CONVERSION = YES;
				CLANG_WARN_OBJC_ROOT_CLASS = YES_ERROR;
				CLANG_WARN_QUOTED_INCLUDE_IN_FRAMEWORK_HEADER = YES;
				CLANG_WARN_RANGE_LOOP_ANALYSIS = YES;
				CLANG_WARN_STRICT_PROTOTYPES = YES;
				CLANG_WARN_SUSPICIOUS_MOVE = YES;
				CLANG_WARN_UNGUARDED_AVAILABILITY = YES_AGGRESSIVE;
				CLANG_WARN_UNREACHABLE_CODE = YES;
				CLANG_WARN__DUPLICATE_METHOD_MATCH = YES;
				COPY_PHASE_STRIP = NO;
				DEBUG_INFORMATION_FORMAT = dwarf;
				ENABLE_STRICT_OBJC_MSGSEND = YES;
				ENABLE_TESTABILITY = YES;
				GCC_C_LANGUAGE_STANDARD = gnu11;
				GCC_DYNAMIC_NO_PIC = NO;
				GCC_NO_COMMON_BLOCKS = YES;
				GCC_OPTIMIZATION_LEVEL = 0;
				GCC_PREPROCESSOR_DEFINITIONS = (
					"DEBUG=1",
					"$(inherited)",
				);
				GCC_WARN_64_TO_32_BIT_CONVERSION = YES;
				GCC_WARN_ABOUT_RETURN_TYPE = YES_ERROR;
				GCC_WARN_UNDECLARED_SELECTOR = YES;
				GCC_WARN_UNINITIALIZED_AUTOS = YES_AGGRESSIVE;
				GCC_WARN_UNUSED_FUNCTION = YES;
				GCC_WARN_UNUSED_VARIABLE = YES;
				IPHONEOS_DEPLOYMENT_TARGET = 14.4;
				MTL_ENABLE_DEBUG_INFO = INCLUDE_SOURCE;
				MTL_FAST_MATH = YES;
				ONLY_ACTIVE_ARCH = YES;
				SDKROOT = iphoneos;
				SWIFT_ACTIVE_COMPILATION_CONDITIONS = DEBUG;
				SWIFT_OPTIMIZATION_LEVEL = "-Onone";
			};
			name = Debug;
		};
		53441AB226281F2500A5EEB6 /* Release */ = {
			isa = XCBuildConfiguration;
			buildSettings = {
				ALWAYS_SEARCH_USER_PATHS = NO;
				CLANG_ANALYZER_NONNULL = YES;
				CLANG_ANALYZER_NUMBER_OBJECT_CONVERSION = YES_AGGRESSIVE;
				CLANG_CXX_LANGUAGE_STANDARD = "gnu++14";
				CLANG_CXX_LIBRARY = "libc++";
				CLANG_ENABLE_MODULES = YES;
				CLANG_ENABLE_OBJC_ARC = YES;
				CLANG_ENABLE_OBJC_WEAK = YES;
				CLANG_WARN_BLOCK_CAPTURE_AUTORELEASING = YES;
				CLANG_WARN_BOOL_CONVERSION = YES;
				CLANG_WARN_COMMA = YES;
				CLANG_WARN_CONSTANT_CONVERSION = YES;
				CLANG_WARN_DEPRECATED_OBJC_IMPLEMENTATIONS = YES;
				CLANG_WARN_DIRECT_OBJC_ISA_USAGE = YES_ERROR;
				CLANG_WARN_DOCUMENTATION_COMMENTS = YES;
				CLANG_WARN_EMPTY_BODY = YES;
				CLANG_WARN_ENUM_CONVERSION = YES;
				CLANG_WARN_INFINITE_RECURSION = YES;
				CLANG_WARN_INT_CONVERSION = YES;
				CLANG_WARN_NON_LITERAL_NULL_CONVERSION = YES;
				CLANG_WARN_OBJC_IMPLICIT_RETAIN_SELF = YES;
				CLANG_WARN_OBJC_LITERAL_CONVERSION = YES;
				CLANG_WARN_OBJC_ROOT_CLASS = YES_ERROR;
				CLANG_WARN_QUOTED_INCLUDE_IN_FRAMEWORK_HEADER = YES;
				CLANG_WARN_RANGE_LOOP_ANALYSIS = YES;
				CLANG_WARN_STRICT_PROTOTYPES = YES;
				CLANG_WARN_SUSPICIOUS_MOVE = YES;
				CLANG_WARN_UNGUARDED_AVAILABILITY = YES_AGGRESSIVE;
				CLANG_WARN_UNREACHABLE_CODE = YES;
				CLANG_WARN__DUPLICATE_METHOD_MATCH = YES;
				COPY_PHASE_STRIP = NO;
				DEBUG_INFORMATION_FORMAT = "dwarf-with-dsym";
				ENABLE_NS_ASSERTIONS = NO;
				ENABLE_STRICT_OBJC_MSGSEND = YES;
				GCC_C_LANGUAGE_STANDARD = gnu11;
				GCC_NO_COMMON_BLOCKS = YES;
				GCC_WARN_64_TO_32_BIT_CONVERSION = YES;
				GCC_WARN_ABOUT_RETURN_TYPE = YES_ERROR;
				GCC_WARN_UNDECLARED_SELECTOR = YES;
				GCC_WARN_UNINITIALIZED_AUTOS = YES_AGGRESSIVE;
				GCC_WARN_UNUSED_FUNCTION = YES;
				GCC_WARN_UNUSED_VARIABLE = YES;
				IPHONEOS_DEPLOYMENT_TARGET = 14.4;
				MTL_ENABLE_DEBUG_INFO = NO;
				MTL_FAST_MATH = YES;
				SDKROOT = iphoneos;
				SWIFT_COMPILATION_MODE = wholemodule;
				SWIFT_OPTIMIZATION_LEVEL = "-O";
				VALIDATE_PRODUCT = YES;
			};
			name = Release;
		};
		53441AB426281F2500A5EEB6 /* Debug */ = {
			isa = XCBuildConfiguration;
			baseConfigurationReference = C9C419006A77CD6824B195AA /* Pods-QiuQiu.debug.xcconfig */;
			buildSettings = {
				ASSETCATALOG_COMPILER_APPICON_NAME = AppIcon;
				ASSETCATALOG_COMPILER_GLOBAL_ACCENT_COLOR_NAME = AccentColor;
				CODE_SIGN_STYLE = Automatic;
				CURRENT_PROJECT_VERSION = 1;
				DEFINES_MODULE = YES;
				DEVELOPMENT_TEAM = 6JC78V6G2N;
				INFOPLIST_FILE = QiuQiu/Info.plist;
				IPHONEOS_DEPLOYMENT_TARGET = 13.0;
				LD_RUNPATH_SEARCH_PATHS = (
					"$(inherited)",
					"@executable_path/Frameworks",
				);
				MARKETING_VERSION = 1.0.2;
				PRODUCT_BUNDLE_IDENTIFIER = com.xuzhou.ChineseZodiac;
				PRODUCT_NAME = "$(TARGET_NAME)";
				SWIFT_OBJC_BRIDGING_HEADER = "/Users/gozap/Documents/MyProject/QiuQiu/QiuQiu/QiuQiu-Bridging-Header.h";
				SWIFT_VERSION = 5.0;
				TARGETED_DEVICE_FAMILY = 1;
			};
			name = Debug;
		};
		53441AB526281F2500A5EEB6 /* Release */ = {
			isa = XCBuildConfiguration;
			baseConfigurationReference = C6DD98B060E62A4EBE9FB4B9 /* Pods-QiuQiu.release.xcconfig */;
			buildSettings = {
				ASSETCATALOG_COMPILER_APPICON_NAME = AppIcon;
				ASSETCATALOG_COMPILER_GLOBAL_ACCENT_COLOR_NAME = AccentColor;
				CODE_SIGN_STYLE = Automatic;
				CURRENT_PROJECT_VERSION = 1;
				DEFINES_MODULE = YES;
				DEVELOPMENT_TEAM = 6JC78V6G2N;
				INFOPLIST_FILE = QiuQiu/Info.plist;
				IPHONEOS_DEPLOYMENT_TARGET = 13.0;
				LD_RUNPATH_SEARCH_PATHS = (
					"$(inherited)",
					"@executable_path/Frameworks",
				);
				MARKETING_VERSION = 1.0.2;
				PRODUCT_BUNDLE_IDENTIFIER = com.xuzhou.ChineseZodiac;
				PRODUCT_NAME = "$(TARGET_NAME)";
				SWIFT_OBJC_BRIDGING_HEADER = "/Users/gozap/Documents/MyProject/QiuQiu/QiuQiu/QiuQiu-Bridging-Header.h";
				SWIFT_VERSION = 5.0;
				TARGETED_DEVICE_FAMILY = 1;
			};
			name = Release;
		};
/* End XCBuildConfiguration section */

/* Begin XCConfigurationList section */
		53441A9A26281F2200A5EEB6 /* Build configuration list for PBXProject "QiuQiu" */ = {
			isa = XCConfigurationList;
			buildConfigurations = (
				53441AB126281F2500A5EEB6 /* Debug */,
				53441AB226281F2500A5EEB6 /* Release */,
			);
			defaultConfigurationIsVisible = 0;
			defaultConfigurationName = Release;
		};
		53441AB326281F2500A5EEB6 /* Build configuration list for PBXNativeTarget "QiuQiu" */ = {
			isa = XCConfigurationList;
			buildConfigurations = (
				53441AB426281F2500A5EEB6 /* Debug */,
				53441AB526281F2500A5EEB6 /* Release */,
			);
			defaultConfigurationIsVisible = 0;
			defaultConfigurationName = Release;
		};
/* End XCConfigurationList section */
	};
	rootObject = 53441A9726281F2200A5EEB6 /* Project object */;
}
